# This file is @generated by PDM.
# It is not intended for manual editing.

[metadata]
groups = ["default", "dev"]
strategy = ["cross_platform"]
lock_version = "4.4"
content_hash = "sha256:dfc0c8fd4c720b48874a0de7282f54129c2b843e45e80bdde48893cbf44b0c2b"

[[package]]
name = "asgiref"
version = "3.7.2"
requires_python = ">=3.7"
summary = "ASGI specs, helper code, and adapters"
files = [
    {file = "asgiref-3.7.2-py3-none-any.whl", hash = "sha256:89b2ef2247e3b562a16eef663bc0e2e703ec6468e2fa8a5cd61cd449786d4f6e"},
    {file = "asgiref-3.7.2.tar.gz", hash = "sha256:9e0ce3aa93a819ba5b45120216b23878cf6e8525eb3848653452b4192b92afed"},
]

[[package]]
name = "attrs"
version = "23.1.0"
requires_python = ">=3.7"
summary = "Classes Without Boilerplate"
files = [
    {file = "attrs-23.1.0-py3-none-any.whl", hash = "sha256:1f28b4522cdc2fb4256ac1a020c78acf9cba2c6b461ccd2c126f3aa8e8335d04"},
    {file = "attrs-23.1.0.tar.gz", hash = "sha256:6279836d581513a26f1bf235f9acd333bc9115683f14f7e8fae46c98fc50e015"},
]

[[package]]
name = "django"
version = "4.2.7"
requires_python = ">=3.8"
summary = "A high-level Python web framework that encourages rapid development and clean, pragmatic design."
dependencies = [
    "asgiref<4,>=3.6.0",
    "sqlparse>=0.3.1",
    "tzdata; sys_platform == \"win32\"",
]
files = [
    {file = "Django-4.2.7-py3-none-any.whl", hash = "sha256:e1d37c51ad26186de355cbcec16613ebdabfa9689bbade9c538835205a8abbe9"},
    {file = "Django-4.2.7.tar.gz", hash = "sha256:8e0f1c2c2786b5c0e39fe1afce24c926040fad47c8ea8ad30aaf1188df29fc41"},
]

[[package]]
name = "django-cors-headers"
version = "4.3.1"
requires_python = ">=3.8"
summary = "django-cors-headers is a Django application for handling the server headers required for Cross-Origin Resource Sharing (CORS)."
dependencies = [
    "Django>=3.2",
    "asgiref>=3.6",
]
files = [
    {file = "django-cors-headers-4.3.1.tar.gz", hash = "sha256:0bf65ef45e606aff1994d35503e6b677c0b26cafff6506f8fd7187f3be840207"},
    {file = "django_cors_headers-4.3.1-py3-none-any.whl", hash = "sha256:0b1fd19297e37417fc9f835d39e45c8c642938ddba1acce0c1753d3edef04f36"},
]

[[package]]
name = "django-filter"
version = "23.5"
requires_python = ">=3.7"
summary = "Django-filter is a reusable Django application for allowing users to filter querysets dynamically."
dependencies = [
    "Django>=3.2",
]
files = [
    {file = "django-filter-23.5.tar.gz", hash = "sha256:67583aa43b91fe8c49f74a832d95f4d8442be628fd4c6d65e9f811f5153a4e5c"},
    {file = "django_filter-23.5-py3-none-any.whl", hash = "sha256:99122a201d83860aef4fe77758b69dda913e874cc5e0eaa50a86b0b18d708400"},
]

[[package]]
name = "djangorestframework"
version = "3.14.0"
requires_python = ">=3.6"
summary = "Web APIs for Django, made easy."
dependencies = [
    "django>=3.0",
    "pytz",
]
files = [
    {file = "djangorestframework-3.14.0-py3-none-any.whl", hash = "sha256:eb63f58c9f218e1a7d064d17a70751f528ed4e1d35547fdade9aaf4cd103fd08"},
    {file = "djangorestframework-3.14.0.tar.gz", hash = "sha256:579a333e6256b09489cbe0a067e66abe55c6595d8926be6b99423786334350c8"},
]

[[package]]
name = "jsonschema"
version = "4.19.2"
requires_python = ">=3.8"
summary = "An implementation of JSON Schema validation for Python"
dependencies = [
    "attrs>=22.2.0",
    "jsonschema-specifications>=2023.03.6",
    "referencing>=0.28.4",
    "rpds-py>=0.7.1",
]
files = [
    {file = "jsonschema-4.19.2-py3-none-any.whl", hash = "sha256:eee9e502c788e89cb166d4d37f43084e3b64ab405c795c03d343a4dbc2c810fc"},
    {file = "jsonschema-4.19.2.tar.gz", hash = "sha256:c9ff4d7447eed9592c23a12ccee508baf0dd0d59650615e847feb6cdca74f392"},
]

[[package]]
name = "jsonschema-specifications"
version = "2023.7.1"
requires_python = ">=3.8"
summary = "The JSON Schema meta-schemas and vocabularies, exposed as a Registry"
dependencies = [
    "referencing>=0.28.0",
]
files = [
    {file = "jsonschema_specifications-2023.7.1-py3-none-any.whl", hash = "sha256:05adf340b659828a004220a9613be00fa3f223f2b82002e273dee62fd50524b1"},
    {file = "jsonschema_specifications-2023.7.1.tar.gz", hash = "sha256:c91a50404e88a1f6ba40636778e2ee08f6e24c5613fe4c53ac24578a5a7f72bb"},
]

[[package]]
name = "pillow"
version = "10.1.0"
requires_python = ">=3.8"
summary = "Python Imaging Library (Fork)"
files = [
    {file = "Pillow-10.1.0-cp312-cp312-macosx_10_10_x86_64.whl", hash = "sha256:a89b8312d51715b510a4fe9fc13686283f376cfd5abca8cd1c65e4c76e21081b"},
    {file = "Pillow-10.1.0-cp312-cp312-macosx_11_0_arm64.whl", hash = "sha256:00f438bb841382b15d7deb9a05cc946ee0f2c352653c7aa659e75e592f6fa17d"},
    {file = "Pillow-10.1.0-cp312-cp312-manylinux_2_17_aarch64.manylinux2014_aarch64.whl", hash = "sha256:3d929a19f5469b3f4df33a3df2983db070ebb2088a1e145e18facbc28cae5b27"},
    {file = "Pillow-10.1.0-cp312-cp312-manylinux_2_17_x86_64.manylinux2014_x86_64.whl", hash = "sha256:9a92109192b360634a4489c0c756364c0c3a2992906752165ecb50544c251312"},
    {file = "Pillow-10.1.0-cp312-cp312-manylinux_2_28_aarch64.whl", hash = "sha256:0248f86b3ea061e67817c47ecbe82c23f9dd5d5226200eb9090b3873d3ca32de"},
    {file = "Pillow-10.1.0-cp312-cp312-manylinux_2_28_x86_64.whl", hash = "sha256:9882a7451c680c12f232a422730f986a1fcd808da0fd428f08b671237237d651"},
    {file = "Pillow-10.1.0-cp312-cp312-musllinux_1_1_aarch64.whl", hash = "sha256:1c3ac5423c8c1da5928aa12c6e258921956757d976405e9467c5f39d1d577a4b"},
    {file = "Pillow-10.1.0-cp312-cp312-musllinux_1_1_x86_64.whl", hash = "sha256:806abdd8249ba3953c33742506fe414880bad78ac25cc9a9b1c6ae97bedd573f"},
    {file = "Pillow-10.1.0-cp312-cp312-win_amd64.whl", hash = "sha256:eaed6977fa73408b7b8a24e8b14e59e1668cfc0f4c40193ea7ced8e210adf996"},
    {file = "Pillow-10.1.0-pp310-pypy310_pp73-macosx_10_10_x86_64.whl", hash = "sha256:937bdc5a7f5343d1c97dc98149a0be7eb9704e937fe3dc7140e229ae4fc572a7"},
    {file = "Pillow-10.1.0-pp310-pypy310_pp73-manylinux_2_17_x86_64.manylinux2014_x86_64.whl", hash = "sha256:b1c25762197144e211efb5f4e8ad656f36c8d214d390585d1d21281f46d556ba"},
    {file = "Pillow-10.1.0-pp310-pypy310_pp73-manylinux_2_28_x86_64.whl", hash = "sha256:afc8eef765d948543a4775f00b7b8c079b3321d6b675dde0d02afa2ee23000b4"},
    {file = "Pillow-10.1.0-pp310-pypy310_pp73-win_amd64.whl", hash = "sha256:883f216eac8712b83a63f41b76ddfb7b2afab1b74abbb413c5df6680f071a6b9"},
    {file = "Pillow-10.1.0-pp39-pypy39_pp73-macosx_10_10_x86_64.whl", hash = "sha256:b920e4d028f6442bea9a75b7491c063f0b9a3972520731ed26c83e254302eb1e"},
    {file = "Pillow-10.1.0-pp39-pypy39_pp73-manylinux_2_17_x86_64.manylinux2014_x86_64.whl", hash = "sha256:1c41d960babf951e01a49c9746f92c5a7e0d939d1652d7ba30f6b3090f27e412"},
    {file = "Pillow-10.1.0-pp39-pypy39_pp73-manylinux_2_28_x86_64.whl", hash = "sha256:1fafabe50a6977ac70dfe829b2d5735fd54e190ab55259ec8aea4aaea412fa0b"},
    {file = "Pillow-10.1.0-pp39-pypy39_pp73-win_amd64.whl", hash = "sha256:3b834f4b16173e5b92ab6566f0473bfb09f939ba14b23b8da1f54fa63e4b623f"},
    {file = "Pillow-10.1.0.tar.gz", hash = "sha256:e6bf8de6c36ed96c86ea3b6e1d5273c53f46ef518a062464cd7ef5dd2cf92e38"},
]

[[package]]
name = "pytz"
version = "2023.3.post1"
summary = "World timezone definitions, modern and historical"
files = [
    {file = "pytz-2023.3.post1-py2.py3-none-any.whl", hash = "sha256:ce42d816b81b68506614c11e8937d3aa9e41007ceb50bfdcb0749b921bf646c7"},
    {file = "pytz-2023.3.post1.tar.gz", hash = "sha256:7b4fddbeb94a1eba4b557da24f19fdf9db575192544270a9101d8509f9f43d7b"},
]

[[package]]
name = "referencing"
version = "0.30.2"
requires_python = ">=3.8"
summary = "JSON Referencing + Python"
dependencies = [
    "attrs>=22.2.0",
    "rpds-py>=0.7.0",
]
files = [
    {file = "referencing-0.30.2-py3-none-any.whl", hash = "sha256:449b6669b6121a9e96a7f9e410b245d471e8d48964c67113ce9afe50c8dd7bdf"},
    {file = "referencing-0.30.2.tar.gz", hash = "sha256:794ad8003c65938edcdbc027f1933215e0d0ccc0291e3ce20a4d87432b59efc0"},
]

[[package]]
name = "rpds-py"
version = "0.12.0"
requires_python = ">=3.8"
summary = "Python bindings to Rust's persistent data structures (rpds)"
files = [
    {file = "rpds_py-0.12.0-cp312-cp312-macosx_10_7_x86_64.whl", hash = "sha256:9620650c364c01ed5b497dcae7c3d4b948daeae6e1883ae185fef1c927b6b534"},
    {file = "rpds_py-0.12.0-cp312-cp312-macosx_11_0_arm64.whl", hash = "sha256:2124f9e645a94ab7c853bc0a3644e0ca8ffbe5bb2d72db49aef8f9ec1c285733"},
    {file = "rpds_py-0.12.0-cp312-cp312-manylinux_2_17_aarch64.manylinux2014_aarch64.whl", hash = "sha256:281c8b219d4f4b3581b918b816764098d04964915b2f272d1476654143801aa2"},
    {file = "rpds_py-0.12.0-cp312-cp312-manylinux_2_17_armv7l.manylinux2014_armv7l.whl", hash = "sha256:27ccc93c7457ef890b0dd31564d2a05e1aca330623c942b7e818e9e7c2669ee4"},
    {file = "rpds_py-0.12.0-cp312-cp312-manylinux_2_17_ppc64le.manylinux2014_ppc64le.whl", hash = "sha256:d1c562a9bb72244fa767d1c1ab55ca1d92dd5f7c4d77878fee5483a22ffac808"},
    {file = "rpds_py-0.12.0-cp312-cp312-manylinux_2_17_s390x.manylinux2014_s390x.whl", hash = "sha256:e57919c32ee295a2fca458bb73e4b20b05c115627f96f95a10f9f5acbd61172d"},
    {file = "rpds_py-0.12.0-cp312-cp312-manylinux_2_17_x86_64.manylinux2014_x86_64.whl", hash = "sha256:fa35ad36440aaf1ac8332b4a4a433d4acd28f1613f0d480995f5cfd3580e90b7"},
    {file = "rpds_py-0.12.0-cp312-cp312-manylinux_2_5_i686.manylinux1_i686.whl", hash = "sha256:e6aea5c0eb5b0faf52c7b5c4a47c8bb64437173be97227c819ffa31801fa4e34"},
    {file = "rpds_py-0.12.0-cp312-cp312-musllinux_1_2_aarch64.whl", hash = "sha256:81cf9d306c04df1b45971c13167dc3bad625808aa01281d55f3cf852dde0e206"},
    {file = "rpds_py-0.12.0-cp312-cp312-musllinux_1_2_i686.whl", hash = "sha256:08e6e7ff286254016b945e1ab632ee843e43d45e40683b66dd12b73791366dd1"},
    {file = "rpds_py-0.12.0-cp312-cp312-musllinux_1_2_x86_64.whl", hash = "sha256:4d0a675a7acbbc16179188d8c6d0afb8628604fc1241faf41007255957335a0b"},
    {file = "rpds_py-0.12.0-cp312-none-win32.whl", hash = "sha256:b2287c09482949e0ca0c0eb68b2aca6cf57f8af8c6dfd29dcd3bc45f17b57978"},
    {file = "rpds_py-0.12.0-cp312-none-win_amd64.whl", hash = "sha256:8015835494b21aa7abd3b43fdea0614ee35ef6b03db7ecba9beb58eadf01c24f"},
    {file = "rpds_py-0.12.0-pp310-pypy310_pp73-macosx_10_7_x86_64.whl", hash = "sha256:0853da3d5e9bc6a07b2486054a410b7b03f34046c123c6561b535bb48cc509e1"},
    {file = "rpds_py-0.12.0-pp310-pypy310_pp73-macosx_11_0_arm64.whl", hash = "sha256:cb41ad20064e18a900dd427d7cf41cfaec83bcd1184001f3d91a1f76b3fcea4e"},
    {file = "rpds_py-0.12.0-pp310-pypy310_pp73-manylinux_2_17_aarch64.manylinux2014_aarch64.whl", hash = "sha256:b710bf7e7ae61957d5c4026b486be593ed3ec3dca3e5be15e0f6d8cf5d0a4990"},
    {file = "rpds_py-0.12.0-pp310-pypy310_pp73-manylinux_2_17_armv7l.manylinux2014_armv7l.whl", hash = "sha256:a952ae3eb460c6712388ac2ec706d24b0e651b9396d90c9a9e0a69eb27737fdc"},
    {file = "rpds_py-0.12.0-pp310-pypy310_pp73-manylinux_2_17_ppc64le.manylinux2014_ppc64le.whl", hash = "sha256:0bedd91ae1dd142a4dc15970ed2c729ff6c73f33a40fa84ed0cdbf55de87c777"},
    {file = "rpds_py-0.12.0-pp310-pypy310_pp73-manylinux_2_17_s390x.manylinux2014_s390x.whl", hash = "sha256:761531076df51309075133a6bc1db02d98ec7f66e22b064b1d513bc909f29743"},
    {file = "rpds_py-0.12.0-pp310-pypy310_pp73-manylinux_2_17_x86_64.manylinux2014_x86_64.whl", hash = "sha256:a2baa6be130e8a00b6cbb9f18a33611ec150b4537f8563bddadb54c1b74b8193"},
    {file = "rpds_py-0.12.0-pp310-pypy310_pp73-manylinux_2_5_i686.manylinux1_i686.whl", hash = "sha256:f05450fa1cd7c525c0b9d1a7916e595d3041ac0afbed2ff6926e5afb6a781b7f"},
    {file = "rpds_py-0.12.0-pp310-pypy310_pp73-musllinux_1_2_aarch64.whl", hash = "sha256:81c4d1a3a564775c44732b94135d06e33417e829ff25226c164664f4a1046213"},
    {file = "rpds_py-0.12.0-pp310-pypy310_pp73-musllinux_1_2_i686.whl", hash = "sha256:e888be685fa42d8b8a3d3911d5604d14db87538aa7d0b29b1a7ea80d354c732d"},
    {file = "rpds_py-0.12.0-pp310-pypy310_pp73-musllinux_1_2_x86_64.whl", hash = "sha256:6f8d7fe73d1816eeb5378409adc658f9525ecbfaf9e1ede1e2d67a338b0c7348"},
    {file = "rpds_py-0.12.0-pp38-pypy38_pp73-macosx_10_7_x86_64.whl", hash = "sha256:0831d3ecdea22e4559cc1793f22e77067c9d8c451d55ae6a75bf1d116a8e7f42"},
    {file = "rpds_py-0.12.0-pp38-pypy38_pp73-macosx_11_0_arm64.whl", hash = "sha256:513ccbf7420c30e283c25c82d5a8f439d625a838d3ba69e79a110c260c46813f"},
    {file = "rpds_py-0.12.0-pp38-pypy38_pp73-manylinux_2_17_aarch64.manylinux2014_aarch64.whl", hash = "sha256:301bd744a1adaa2f6a5e06c98f1ac2b6f8dc31a5c23b838f862d65e32fca0d4b"},
    {file = "rpds_py-0.12.0-pp38-pypy38_pp73-manylinux_2_17_armv7l.manylinux2014_armv7l.whl", hash = "sha256:f8832a4f83d4782a8f5a7b831c47e8ffe164e43c2c148c8160ed9a6d630bc02a"},
    {file = "rpds_py-0.12.0-pp38-pypy38_pp73-manylinux_2_17_ppc64le.manylinux2014_ppc64le.whl", hash = "sha256:4b2416ed743ec5debcf61e1242e012652a4348de14ecc7df3512da072b074440"},
    {file = "rpds_py-0.12.0-pp38-pypy38_pp73-manylinux_2_17_s390x.manylinux2014_s390x.whl", hash = "sha256:35585a8cb5917161f42c2104567bb83a1d96194095fc54a543113ed5df9fa436"},
    {file = "rpds_py-0.12.0-pp38-pypy38_pp73-manylinux_2_17_x86_64.manylinux2014_x86_64.whl", hash = "sha256:d389ff1e95b6e46ebedccf7fd1fadd10559add595ac6a7c2ea730268325f832c"},
    {file = "rpds_py-0.12.0-pp38-pypy38_pp73-manylinux_2_5_i686.manylinux1_i686.whl", hash = "sha256:9b007c2444705a2dc4a525964fd4dd28c3320b19b3410da6517cab28716f27d3"},
    {file = "rpds_py-0.12.0-pp38-pypy38_pp73-musllinux_1_2_aarch64.whl", hash = "sha256:188912b22b6c8225f4c4ffa020a2baa6ad8fabb3c141a12dbe6edbb34e7f1425"},
    {file = "rpds_py-0.12.0-pp38-pypy38_pp73-musllinux_1_2_i686.whl", hash = "sha256:1b4cf9ab9a0ae0cb122685209806d3f1dcb63b9fccdf1424fb42a129dc8c2faa"},
    {file = "rpds_py-0.12.0-pp38-pypy38_pp73-musllinux_1_2_x86_64.whl", hash = "sha256:2d34a5450a402b00d20aeb7632489ffa2556ca7b26f4a63c35f6fccae1977427"},
    {file = "rpds_py-0.12.0-pp39-pypy39_pp73-macosx_10_7_x86_64.whl", hash = "sha256:466030a42724780794dea71eb32db83cc51214d66ab3fb3156edd88b9c8f0d78"},
    {file = "rpds_py-0.12.0-pp39-pypy39_pp73-macosx_11_0_arm64.whl", hash = "sha256:68172622a5a57deb079a2c78511c40f91193548e8ab342c31e8cb0764d362459"},
    {file = "rpds_py-0.12.0-pp39-pypy39_pp73-manylinux_2_17_aarch64.manylinux2014_aarch64.whl", hash = "sha256:54cdfcda59251b9c2f87a05d038c2ae02121219a04d4a1e6fc345794295bdc07"},
    {file = "rpds_py-0.12.0-pp39-pypy39_pp73-manylinux_2_17_armv7l.manylinux2014_armv7l.whl", hash = "sha256:6b75b912a0baa033350367a8a07a8b2d44fd5b90c890bfbd063a8a5f945f644b"},
    {file = "rpds_py-0.12.0-pp39-pypy39_pp73-manylinux_2_17_ppc64le.manylinux2014_ppc64le.whl", hash = "sha256:47aeceb4363851d17f63069318ba5721ae695d9da55d599b4d6fb31508595278"},
    {file = "rpds_py-0.12.0-pp39-pypy39_pp73-manylinux_2_17_s390x.manylinux2014_s390x.whl", hash = "sha256:0525847f83f506aa1e28eb2057b696fe38217e12931c8b1b02198cfe6975e142"},
    {file = "rpds_py-0.12.0-pp39-pypy39_pp73-manylinux_2_17_x86_64.manylinux2014_x86_64.whl", hash = "sha256:efbe0b5e0fd078ed7b005faa0170da4f72666360f66f0bb2d7f73526ecfd99f9"},
    {file = "rpds_py-0.12.0-pp39-pypy39_pp73-manylinux_2_5_i686.manylinux1_i686.whl", hash = "sha256:0fadfdda275c838cba5102c7f90a20f2abd7727bf8f4a2b654a5b617529c5c18"},
    {file = "rpds_py-0.12.0-pp39-pypy39_pp73-musllinux_1_2_aarch64.whl", hash = "sha256:56dd500411d03c5e9927a1eb55621e906837a83b02350a9dc401247d0353717c"},
    {file = "rpds_py-0.12.0-pp39-pypy39_pp73-musllinux_1_2_i686.whl", hash = "sha256:6915fc9fa6b3ec3569566832e1bb03bd801c12cea030200e68663b9a87974e76"},
    {file = "rpds_py-0.12.0-pp39-pypy39_pp73-musllinux_1_2_x86_64.whl", hash = "sha256:5f1519b080d8ce0a814f17ad9fb49fb3a1d4d7ce5891f5c85fc38631ca3a8dc4"},
    {file = "rpds_py-0.12.0.tar.gz", hash = "sha256:7036316cc26b93e401cedd781a579be606dad174829e6ad9e9c5a0da6e036f80"},
]

[[package]]
name = "ruff"
version = "0.1.4"
requires_python = ">=3.7"
summary = "An extremely fast Python linter and code formatter, written in Rust."
files = [
    {file = "ruff-0.1.4-py3-none-macosx_10_7_x86_64.whl", hash = "sha256:864958706b669cce31d629902175138ad8a069d99ca53514611521f532d91495"},
    {file = "ruff-0.1.4-py3-none-macosx_10_9_x86_64.macosx_11_0_arm64.macosx_10_9_universal2.whl", hash = "sha256:9fdd61883bb34317c788af87f4cd75dfee3a73f5ded714b77ba928e418d6e39e"},
    {file = "ruff-0.1.4-py3-none-manylinux_2_17_aarch64.manylinux2014_aarch64.whl", hash = "sha256:b4eaca8c9cc39aa7f0f0d7b8fe24ecb51232d1bb620fc4441a61161be4a17539"},
    {file = "ruff-0.1.4-py3-none-manylinux_2_17_armv7l.manylinux2014_armv7l.whl", hash = "sha256:a9a1301dc43cbf633fb603242bccd0aaa34834750a14a4c1817e2e5c8d60de17"},
    {file = "ruff-0.1.4-py3-none-manylinux_2_17_i686.manylinux2014_i686.whl", hash = "sha256:78e8db8ab6f100f02e28b3d713270c857d370b8d61871d5c7d1702ae411df683"},
    {file = "ruff-0.1.4-py3-none-manylinux_2_17_ppc64.manylinux2014_ppc64.whl", hash = "sha256:80fea754eaae06335784b8ea053d6eb8e9aac75359ebddd6fee0858e87c8d510"},
    {file = "ruff-0.1.4-py3-none-manylinux_2_17_ppc64le.manylinux2014_ppc64le.whl", hash = "sha256:6bc02a480d4bfffd163a723698da15d1a9aec2fced4c06f2a753f87f4ce6969c"},
    {file = "ruff-0.1.4-py3-none-manylinux_2_17_s390x.manylinux2014_s390x.whl", hash = "sha256:9862811b403063765b03e716dac0fda8fdbe78b675cd947ed5873506448acea4"},
    {file = "ruff-0.1.4-py3-none-manylinux_2_17_x86_64.manylinux2014_x86_64.whl", hash = "sha256:58826efb8b3efbb59bb306f4b19640b7e366967a31c049d49311d9eb3a4c60cb"},
    {file = "ruff-0.1.4-py3-none-musllinux_1_2_aarch64.whl", hash = "sha256:fdfd453fc91d9d86d6aaa33b1bafa69d114cf7421057868f0b79104079d3e66e"},
    {file = "ruff-0.1.4-py3-none-musllinux_1_2_armv7l.whl", hash = "sha256:e8791482d508bd0b36c76481ad3117987301b86072158bdb69d796503e1c84a8"},
    {file = "ruff-0.1.4-py3-none-musllinux_1_2_i686.whl", hash = "sha256:01206e361021426e3c1b7fba06ddcb20dbc5037d64f6841e5f2b21084dc51800"},
    {file = "ruff-0.1.4-py3-none-musllinux_1_2_x86_64.whl", hash = "sha256:645591a613a42cb7e5c2b667cbefd3877b21e0252b59272ba7212c3d35a5819f"},
    {file = "ruff-0.1.4-py3-none-win32.whl", hash = "sha256:99908ca2b3b85bffe7e1414275d004917d1e0dfc99d497ccd2ecd19ad115fd0d"},
    {file = "ruff-0.1.4-py3-none-win_amd64.whl", hash = "sha256:1dfd6bf8f6ad0a4ac99333f437e0ec168989adc5d837ecd38ddb2cc4a2e3db8a"},
    {file = "ruff-0.1.4-py3-none-win_arm64.whl", hash = "sha256:d98ae9ebf56444e18a3e3652b3383204748f73e247dea6caaf8b52d37e6b32da"},
    {file = "ruff-0.1.4.tar.gz", hash = "sha256:21520ecca4cc555162068d87c747b8f95e1e95f8ecfcbbe59e8dd00710586315"},
]

[[package]]
name = "sqlparse"
version = "0.4.4"
requires_python = ">=3.5"
summary = "A non-validating SQL parser."
files = [
    {file = "sqlparse-0.4.4-py3-none-any.whl", hash = "sha256:5430a4fe2ac7d0f93e66f1efc6e1338a41884b7ddf2a350cedd20ccc4d9d28f3"},
    {file = "sqlparse-0.4.4.tar.gz", hash = "sha256:d446183e84b8349fa3061f0fe7f06ca94ba65b426946ffebe6e3e8295332420c"},
]

[[package]]
name = "tzdata"
version = "2023.3"
requires_python = ">=2"
summary = "Provider of IANA time zone data"
files = [
    {file = "tzdata-2023.3-py2.py3-none-any.whl", hash = "sha256:7e65763eef3120314099b6939b5546db7adce1e7d6f2e179e3df563c70511eda"},
    {file = "tzdata-2023.3.tar.gz", hash = "sha256:11ef1e08e54acb0d4f95bdb1be05da659673de4acbd21bf9c69e94cc5e907a3a"},
]
